<?xml version="1.0" encoding="utf-8"?>
<Project ToolsVersion="4.0" xmlns="http://schemas.microsoft.com/developer/msbuild/2003">
  <ItemGroup>
    <Filter Include="Header Files">
      <UniqueIdentifier>{4dd402cf-9957-4b5a-b136-c32669c0ab52}</UniqueIdentifier>
    </Filter>
    <Filter Include="Resource Files">
      <UniqueIdentifier>{3340dc3d-2628-4813-bb97-7081fbbf67ec}</UniqueIdentifier>
    </Filter>
    <Filter Include="Source Files">
      <UniqueIdentifier>{938eb9be-1369-4b39-970f-0b5723c4a7b0}</UniqueIdentifier>
    </Filter>
    <Filter Include="Source Files\common">
      <UniqueIdentifier>{de8c7af7-e31e-4f19-9ef6-e87dab4cac94}</UniqueIdentifier>
    </Filter>
    <Filter Include="Source Files\hostapi">
      <UniqueIdentifier>{dd7a991f-6564-4c8a-ac65-211815407099}</UniqueIdentifier>
    </Filter>
    <Filter Include="Source Files\hostapi\skeleton">
      <UniqueIdentifier>{21aa9dae-770f-42f1-af94-79df3a1f59da}</UniqueIdentifier>
    </Filter>
    <Filter Include="Source Files\hostapi\asio">
      <UniqueIdentifier>{43917d5a-d395-4675-a74c-6a09e632d906}</UniqueIdentifier>
    </Filter>
    <Filter Include="Source Files\hostapi\asio\ASIOSDK">
      <UniqueIdentifier>{2e611f47-dd91-4bea-964d-ba2bace7a06c}</UniqueIdentifier>
    </Filter>
    <Filter Include="Source Files\hostapi\dsound">
      <UniqueIdentifier>{8c75031e-1cf7-416f-8ee0-a6356697e328}</UniqueIdentifier>
    </Filter>
    <Filter Include="Source Files\hostapi\wmme">
      <UniqueIdentifier>{88d1c96c-acc3-49a7-b603-0ab0058a6c81}</UniqueIdentifier>
    </Filter>
    <Filter Include="Source Files\hostapi\wasapi">
      <UniqueIdentifier>{5c0f0f47-ae4b-4a4a-a5bf-aec3d445cdc7}</UniqueIdentifier>
    </Filter>
    <Filter Include="Source Files\hostapi\wdmks">
      <UniqueIdentifier>{c7120215-f788-42bb-95c2-b7ee70ac65c3}</UniqueIdentifier>
    </Filter>
    <Filter Include="Source Files\os">
      <UniqueIdentifier>{0d4eb6dc-9407-4671-9a11-3334ed2c17da}</UniqueIdentifier>
    </Filter>
    <Filter Include="Source Files\os\win">
      <UniqueIdentifier>{d854961f-23c4-4097-bc8e-2a56f198f65b}</UniqueIdentifier>
    </Filter>
    <Filter Include="Header Files\os">
      <UniqueIdentifier>{06b1e0a0-f25b-4d83-a734-5ce66f9bfdab}</UniqueIdentifier>
    </Filter>
    <Filter Include="Header Files\os\win">
      <UniqueIdentifier>{41251ad5-4257-4a6a-b4e8-45cddb771d61}</UniqueIdentifier>
    </Filter>
    <Filter Include="Header Files\common">
      <UniqueIdentifier>{2d035345-468c-43da-93c9-101c9c798f28}</UniqueIdentifier>
    </Filter>
  </ItemGroup>
  <ItemGroup>
    <ClCompile Include="..\src\common\pa_cpuload.c">
      <Filter>Source Files\common</Filter>
    </ClCompile>
    <ClCompile Include="..\src\common\pa_debugprint.c">
      <Filter>Source Files\common</Filter>
    </ClCompile>
    <ClCompile Include="..\src\common\pa_dither.c">
      <Filter>Source Files\common</Filter>
    </ClCompile>
    <ClCompile Include="..\src\common\pa_front.c">
      <Filter>Source Files\common</Filter>
    </ClCompile>
    <ClCompile Include="..\src\common\pa_process.c">
      <Filter>Source Files\common</Filter>
    </ClCompile>
    <ClCompile Include="..\src\common\pa_ringbuffer.c">
      <Filter>Source Files\common</Filter>
    </ClCompile>
    <ClCompile Include="..\src\common\pa_stream.c">
      <Filter>Source Files\common</Filter>
    </ClCompile>
    <ClCompile Include="..\src\common\pa_trace.c">
      <Filter>Source Files\common</Filter>
    </ClCompile>
    <ClCompile Include="..\src\common\pa_allocation.c">
      <Filter>Source Files\common</Filter>
    </ClCompile>
    <ClCompile Include="..\src\common\pa_converters.c">
      <Filter>Source Files\common</Filter>
    </ClCompile>
    <ClCompile Include="..\src\hostapi\skeleton\pa_hostapi_skeleton.c">
      <Filter>Source Files\hostapi\skeleton</Filter>
    </ClCompile>
    <ClCompile Include="..\src\hostapi\asio\pa_asio.cpp">
      <Filter>Source Files\hostapi\asio</Filter>
    </ClCompile>
    <ClCompile Include="..\..\ASIOSDK\common\asio.cpp">
      <Filter>Source Files\hostapi\asio\ASIOSDK</Filter>
    </ClCompile>
    <ClCompile Include="..\..\ASIOSDK\host\asiodrivers.cpp">
      <Filter>Source Files\hostapi\asio\ASIOSDK</Filter>
    </ClCompile>
    <ClCompile Include="..\..\ASIOSDK\host\pc\asiolist.cpp">
      <Filter>Source Files\hostapi\asio\ASIOSDK</Filter>
    </ClCompile>
    <ClCompile Include="..\src\hostapi\dsound\pa_win_ds_dynlink.c">
      <Filter>Source Files\hostapi\dsound</Filter>
    </ClCompile>
    <ClCompile Include="..\src\hostapi\dsound\pa_win_ds.c">
      <Filter>Source Files\hostapi\dsound</Filter>
    </ClCompile>
    <ClCompile Include="..\src\hostapi\wmme\pa_win_wmme.c">
      <Filter>Source Files\hostapi\wmme</Filter>
    </ClCompile>
    <ClCompile Include="..\src\hostapi\wasapi\pa_win_wasapi.c">
      <Filter>Source Files\hostapi\wasapi</Filter>
    </ClCompile>
    <ClCompile Include="..\src\hostapi\wdmks\pa_win_wdmks.c">
      <Filter>Source Files\hostapi\wdmks</Filter>
    </ClCompile>
    <ClCompile Include="..\src\os\win\pa_win_util.c">
      <Filter>Source Files\os\win</Filter>
    </ClCompile>
    <ClCompile Include="..\src\os\win\pa_win_waveformat.c">
      <Filter>Source Files\os\win</Filter>
    </ClCompile>
    <ClCompile Include="..\src\os\win\pa_win_wdmks_utils.c">
      <Filter>Source Files\os\win</Filter>
    </ClCompile>
    <ClCompile Include="..\src\os\win\pa_x86_plain_converters.c">
      <Filter>Source Files\os\win</Filter>
    </ClCompile>
    <ClCompile Include="..\src\os\win\pa_win_coinitialize.c">
      <Filter>Source Files\os\win</Filter>
    </ClCompile>
    <ClCompile Include="..\src\os\win\pa_win_hostapis.c">
      <Filter>Source Files\os\win</Filter>
    </ClCompile>
  </ItemGroup>
  <ItemGroup>
    <ClInclude Include="..\src\hostapi\dsound\pa_win_ds_dynlink.h">
      <Filter>Source Files\hostapi\dsound</Filter>
    </ClInclude>
    <ClInclude Include="..\src\os\win\pa_win_coinitialize.h">
      <Filter>Source Files\os\win</Filter>
    </ClInclude>
    <ClInclude Include="..\src\os\win\pa_win_wdmks_utils.h">
      <Filter>Header Files\os\win</Filter>
    </ClInclude>
    <ClInclude Include="..\src\os\win\pa_x86_plain_converters.h">
      <Filter>Header Files\os\win</Filter>
    </ClInclude>
    <ClInclude Include="..\src\common\pa_allocation.h">
      <Filter>Header Files\common</Filter>
    </ClInclude>
    <ClInclude Include="..\src\common\pa_converters.h">
      <Filter>Header Files\common</Filter>
    </ClInclude>
    <ClInclude Include="..\src\common\pa_cpuload.h">
      <Filter>Header Files\common</Filter>
    </ClInclude>
    <ClInclude Include="..\src\common\pa_debugprint.h">
      <Filter>Header Files\common</Filter>
    </ClInclude>
    <ClInclude Include="..\src\common\pa_dither.h">
      <Filter>Header Files\common</Filter>
    </ClInclude>
    <ClInclude Include="..\src\common\pa_endianness.h">
      <Filter>Header Files\common</Filter>
    </ClInclude>
    <ClInclude Include="..\src\common\pa_hostapi.h">
      <Filter>Header Files\common</Filter>
    </ClInclude>
    <ClInclude Include="..\src\common\pa_memorybarrier.h">
      <Filter>Header Files\common</Filter>
    </ClInclude>
    <ClInclude Include="..\src\common\pa_process.h">
      <Filter>Header Files\common</Filter>
    </ClInclude>
    <ClInclude Include="..\src\common\pa_ringbuffer.h">
      <Filter>Header Files\common</Filter>
    </ClInclude>
    <ClInclude Include="..\src\common\pa_stream.h">
      <Filter>Header Files\common</Filter>
    </ClInclude>
    <ClInclude Include="..\src\common\pa_trace.h">
      <Filter>Header Files\common</Filter>
    </ClInclude>
    <ClInclude Include="..\src\common\pa_types.h">
      <Filter>Header Files\common</Filter>
    </ClInclude>
    <ClInclude Include="..\src\common\pa_util.h">
      <Filter>Header Files\common</Filter>
    </ClInclude>
    <ClInclude Include="..\include\pa_win_wdmks.h">
      <Filter>Header Files</Filter>
    </ClInclude>
    <ClInclude Include="..\include\pa_win_wmme.h">
      <Filter>Header Files</Filter>
    </ClInclude>
    <ClInclude Include="..\include\portaudio.h">
      <Filter>Header Files</Filter>
    </ClInclude>
    <ClInclude Include="..\include\pa_asio.h">
      <Filter>Header Files</Filter>
    </ClInclude>
    <ClInclude Include="..\include\pa_win_ds.h">
      <Filter>Header Files</Filter>
    </ClInclude>
    <ClInclude Include="..\include\pa_win_wasapi.h">
      <Filter>Header Files</Filter>
    </ClInclude>
    <ClInclude Include="..\include\pa_win_waveformat.h">
      <Filter>Header Files</Filter>
    </ClInclude>
  </ItemGroup>
  <ItemGroup>
    <None Include="portaudio.def">
      <Filter>Resource Files</Filter>
    </None>
    <None Include="portaudioASIO.def">
      <Filter>Resource Files</Filter>
    </None>
  </ItemGroup>
</Project>